
Microsoft Visual Studio Solution File, Format Version 10.00
# Visual Studio 2008
Project("{FAE04EC0-301F-11D3-BF4B-00C04F79EFBC}") = "Assignment4", "Assignment4\Assignment4.csproj", "{6CEACA55-6DFF-4536-A58F-BAB13986CC16}"
EndProject
Global
	GlobalSection(SolutionConfigurationPlatforms) = preSolution
		Debug|x86 = Debug|x86
		Release|x86 = Release|x86
	EndGlobalSection
	GlobalSection(ProjectConfigurationPlatforms) = postSolution
		{6CEACA55-6DFF-4536-A58F-BAB13986CC16}.Debug|x86.ActiveCfg = Debug|x86
		{6CEACA55-6DFF-4536-A58F-BAB13986CC16}.Debug|x86.Build.0 = Debug|x86
		{6CEACA55-6DFF-4536-A58F-BAB13986CC16}.Release|x86.ActiveCfg = Release|x86
		{6CEACA55-6DFF-4536-A58F-BAB13986CC16}.Release|x86.Build.0 = Release|x86
		{9FF744E9-7D3A-4003-A7E7-296981431CFC}.Debug|x86.ActiveCfg = Debug|x86
		{9FF744E9-7D3A-4003-A7E7-296981431CFC}.Release|x86.ActiveCfg = Release|x86
	EndGlobalSection
	GlobalSection(SolutionProperties) = preSolution
		HideSolutionNode = FALSE
	EndGlobalSection
EndGlobal
