
Microsoft Visual Studio Solution File, Format Version 10.00
# Visual Studio 2008
Project("{FAE04EC0-301F-11D3-BF4B-00C04F79EFBC}") = "Assignment1", "Assignment1\Assignment1.csproj", "{35B8B852-E988-4690-9F81-E3E1902CCFEA}"
EndProject
Global
	GlobalSection(SolutionConfigurationPlatforms) = preSolution
		Debug|x86 = Debug|x86
		Release|x86 = Release|x86
	EndGlobalSection
	GlobalSection(ProjectConfigurationPlatforms) = postSolution
		{35B8B852-E988-4690-9F81-E3E1902CCFEA}.Debug|x86.ActiveCfg = Debug|x86
		{35B8B852-E988-4690-9F81-E3E1902CCFEA}.Debug|x86.Build.0 = Debug|x86
		{35B8B852-E988-4690-9F81-E3E1902CCFEA}.Release|x86.ActiveCfg = Release|x86
		{35B8B852-E988-4690-9F81-E3E1902CCFEA}.Release|x86.Build.0 = Release|x86
		{EB18CBB2-2B72-4E1F-9805-97F0A018B79E}.Debug|x86.ActiveCfg = Debug|x86
		{EB18CBB2-2B72-4E1F-9805-97F0A018B79E}.Release|x86.ActiveCfg = Release|x86
	EndGlobalSection
	GlobalSection(SolutionProperties) = preSolution
		HideSolutionNode = FALSE
	EndGlobalSection
EndGlobal
